// !$*UTF8*$!
{
	archiveVersion = 1;
	classes = {
	};
	objectVersion = 56;
	objects = {

/* Begin PBXBuildFile section */
		F40FB5B729CB9A6700EABFFB /* AppDelegate.swift in Sources */ = {isa = PBXBuildFile; fileRef = F40FB5B629CB9A6700EABFFB /* AppDelegate.swift */; };
		F40FB5B929CB9A6700EABFFB /* SceneDelegate.swift in Sources */ = {isa = PBXBuildFile; fileRef = F40FB5B829CB9A6700EABFFB /* SceneDelegate.swift */; };
		F40FB5BE29CB9A6700EABFFB /* Main.storyboard in Resources */ = {isa = PBXBuildFile; fileRef = F40FB5BC29CB9A6700EABFFB /* Main.storyboard */; };
		F40FB5C029CB9A6800EABFFB /* Assets.xcassets in Resources */ = {isa = PBXBuildFile; fileRef = F40FB5BF29CB9A6800EABFFB /* Assets.xcassets */; };
		F40FB5C329CB9A6800EABFFB /* LaunchScreen.storyboard in Resources */ = {isa = PBXBuildFile; fileRef = F40FB5C129CB9A6800EABFFB /* LaunchScreen.storyboard */; };
		F4BA92FD29D9DD120029924F /* CustomTitle.swift in Sources */ = {isa = PBXBuildFile; fileRef = F4BA92FC29D9DD120029924F /* CustomTitle.swift */; };
		F4BA92FF29D9DF820029924F /* CustomDesc.swift in Sources */ = {isa = PBXBuildFile; fileRef = F4BA92FE29D9DF820029924F /* CustomDesc.swift */; };
		F4BA930129D9E91F0029924F /* BannerImageView.swift in Sources */ = {isa = PBXBuildFile; fileRef = F4BA930029D9E91F0029924F /* BannerImageView.swift */; };
		F4BA930329D9EA240029924F /* RoundedImageView.swift in Sources */ = {isa = PBXBuildFile; fileRef = F4BA930229D9EA240029924F /* RoundedImageView.swift */; };
		F4FC6DB429CC4A4A00C3A15C /* ListController.swift in Sources */ = {isa = PBXBuildFile; fileRef = F4FC6DB329CC4A4A00C3A15C /* ListController.swift */; };
		F4FC6DB629CC4A9800C3A15C /* Datas.swift in Sources */ = {isa = PBXBuildFile; fileRef = F4FC6DB529CC4A9800C3A15C /* Datas.swift */; };
		F4FC6DB829CC4AB900C3A15C /* Character.swift in Sources */ = {isa = PBXBuildFile; fileRef = F4FC6DB729CC4AB900C3A15C /* Character.swift */; };
		F4FC6DBA29CC51BB00C3A15C /* CharacterCell.swift in Sources */ = {isa = PBXBuildFile; fileRef = F4FC6DB929CC51BB00C3A15C /* CharacterCell.swift */; };
		F4FC6DBE29CC631E00C3A15C /* DetailController.swift in Sources */ = {isa = PBXBuildFile; fileRef = F4FC6DBD29CC631E00C3A15C /* DetailController.swift */; };
/* End PBXBuildFile section */

/* Begin PBXFileReference section */
		F40FB5B329CB9A6700EABFFB /* GuardiansOfTheGalaxy.app */ = {isa = PBXFileReference; explicitFileType = wrapper.application; includeInIndex = 0; path = GuardiansOfTheGalaxy.app; sourceTree = BUILT_PRODUCTS_DIR; };
		F40FB5B629CB9A6700EABFFB /* AppDelegate.swift */ = {isa = PBXFileReference; lastKnownFileType = sourcecode.swift; path = AppDelegate.swift; sourceTree = "<group>"; };
		F40FB5B829CB9A6700EABFFB /* SceneDelegate.swift */ = {isa = PBXFileReference; lastKnownFileType = sourcecode.swift; path = SceneDelegate.swift; sourceTree = "<group>"; };
		F40FB5BD29CB9A6700EABFFB /* Base */ = {isa = PBXFileReference; lastKnownFileType = file.storyboard; name = Base; path = Base.lproj/Main.storyboard; sourceTree = "<group>"; };
		F40FB5BF29CB9A6800EABFFB /* Assets.xcassets */ = {isa = PBXFileReference; lastKnownFileType = folder.assetcatalog; path = Assets.xcassets; sourceTree = "<group>"; };
		F40FB5C229CB9A6800EABFFB /* Base */ = {isa = PBXFileReference; lastKnownFileType = file.storyboard; name = Base; path = Base.lproj/LaunchScreen.storyboard; sourceTree = "<group>"; };
		F40FB5C429CB9A6800EABFFB /* Info.plist */ = {isa = PBXFileReference; lastKnownFileType = text.plist.xml; path = Info.plist; sourceTree = "<group>"; };
		F4B60BC229CCF8F000326F98 /* README.md */ = {isa = PBXFileReference; lastKnownFileType = net.daringfireball.markdown; path = README.md; sourceTree = "<group>"; };
		F4BA92FC29D9DD120029924F /* CustomTitle.swift */ = {isa = PBXFileReference; lastKnownFileType = sourcecode.swift; path = CustomTitle.swift; sourceTree = "<group>"; };
		F4BA92FE29D9DF820029924F /* CustomDesc.swift */ = {isa = PBXFileReference; lastKnownFileType = sourcecode.swift; path = CustomDesc.swift; sourceTree = "<group>"; };
		F4BA930029D9E91F0029924F /* BannerImageView.swift */ = {isa = PBXFileReference; lastKnownFileType = sourcecode.swift; path = BannerImageView.swift; sourceTree = "<group>"; };
		F4BA930229D9EA240029924F /* RoundedImageView.swift */ = {isa = PBXFileReference; lastKnownFileType = sourcecode.swift; path = RoundedImageView.swift; sourceTree = "<group>"; };
		F4FC6DB329CC4A4A00C3A15C /* ListController.swift */ = {isa = PBXFileReference; lastKnownFileType = sourcecode.swift; path = ListController.swift; sourceTree = "<group>"; };
		F4FC6DB529CC4A9800C3A15C /* Datas.swift */ = {isa = PBXFileReference; lastKnownFileType = sourcecode.swift; path = Datas.swift; sourceTree = "<group>"; };
		F4FC6DB729CC4AB900C3A15C /* Character.swift */ = {isa = PBXFileReference; lastKnownFileType = sourcecode.swift; path = Character.swift; sourceTree = "<group>"; };
		F4FC6DB929CC51BB00C3A15C /* CharacterCell.swift */ = {isa = PBXFileReference; lastKnownFileType = sourcecode.swift; path = CharacterCell.swift; sourceTree = "<group>"; };
		F4FC6DBD29CC631E00C3A15C /* DetailController.swift */ = {isa = PBXFileReference; lastKnownFileType = sourcecode.swift; path = DetailController.swift; sourceTree = "<group>"; };
/* End PBXFileReference section */

/* Begin PBXFrameworksBuildPhase section */
		F40FB5B029CB9A6700EABFFB /* Frameworks */ = {
			isa = PBXFrameworksBuildPhase;
			buildActionMask = 2147483647;
			files = (
			);
			runOnlyForDeploymentPostprocessing = 0;
		};
/* End PBXFrameworksBuildPhase section */

/* Begin PBXGroup section */
		F40FB5AA29CB9A6700EABFFB = {
			isa = PBXGroup;
			children = (
				F4B60BC229CCF8F000326F98 /* README.md */,
				F40FB5B529CB9A6700EABFFB /* GuardiansOfTheGalaxy */,
				F40FB5B429CB9A6700EABFFB /* Products */,
			);
			sourceTree = "<group>";
		};
		F40FB5B429CB9A6700EABFFB /* Products */ = {
			isa = PBXGroup;
			children = (
				F40FB5B329CB9A6700EABFFB /* GuardiansOfTheGalaxy.app */,
			);
			name = Products;
			sourceTree = "<group>";
		};
		F40FB5B529CB9A6700EABFFB /* GuardiansOfTheGalaxy */ = {
			isa = PBXGroup;
			children = (
				F4BA92F729D9C0A90029924F /* Model */,
				F4BA92F829D9C0B70029924F /* View */,
				F4BA92F929D9C0BF0029924F /* Controller */,
				F40FB5B629CB9A6700EABFFB /* AppDelegate.swift */,
				F40FB5B829CB9A6700EABFFB /* SceneDelegate.swift */,
				F40FB5BC29CB9A6700EABFFB /* Main.storyboard */,
				F40FB5BF29CB9A6800EABFFB /* Assets.xcassets */,
				F40FB5C129CB9A6800EABFFB /* LaunchScreen.storyboard */,
				F40FB5C429CB9A6800EABFFB /* Info.plist */,
			);
			path = GuardiansOfTheGalaxy;
			sourceTree = "<group>";
		};
		F4BA92F729D9C0A90029924F /* Model */ = {
			isa = PBXGroup;
			children = (
				F4FC6DB529CC4A9800C3A15C /* Datas.swift */,
				F4FC6DB729CC4AB900C3A15C /* Character.swift */,
			);
			path = Model;
			sourceTree = "<group>";
		};
		F4BA92F829D9C0B70029924F /* View */ = {
			isa = PBXGroup;
			children = (
				F4FC6DB929CC51BB00C3A15C /* CharacterCell.swift */,
				F4BA92FC29D9DD120029924F /* CustomTitle.swift */,
				F4BA92FE29D9DF820029924F /* CustomDesc.swift */,
				F4BA930029D9E91F0029924F /* BannerImageView.swift */,
				F4BA930229D9EA240029924F /* RoundedImageView.swift */,
			);
			path = View;
			sourceTree = "<group>";
		};
		F4BA92F929D9C0BF0029924F /* Controller */ = {
			isa = PBXGroup;
			children = (
				F4FC6DB329CC4A4A00C3A15C /* ListController.swift */,
				F4FC6DBD29CC631E00C3A15C /* DetailController.swift */,
			);
			path = Controller;
			sourceTree = "<group>";
		};
/* End PBXGroup section */

/* Begin PBXNativeTarget section */
		F40FB5B229CB9A6700EABFFB /* GuardiansOfTheGalaxy */ = {
			isa = PBXNativeTarget;
			buildConfigurationList = F40FB5C729CB9A6800EABFFB /* Build configuration list for PBXNativeTarget "GuardiansOfTheGalaxy" */;
			buildPhases = (
				F40FB5AF29CB9A6700EABFFB /* Sources */,
				F40FB5B029CB9A6700EABFFB /* Frameworks */,
				F40FB5B129CB9A6700EABFFB /* Resources */,
			);
			buildRules = (
			);
			dependencies = (
			);
			name = GuardiansOfTheGalaxy;
			productName = GuardiansOfTheGalaxy;
			productReference = F40FB5B329CB9A6700EABFFB /* GuardiansOfTheGalaxy.app */;
			productType = "com.apple.product-type.application";
		};
/* End PBXNativeTarget section */

/* Begin PBXProject section */
		F40FB5AB29CB9A6700EABFFB /* Project object */ = {
			isa = PBXProject;
			attributes = {
				BuildIndependentTargetsInParallel = 1;
				LastSwiftUpdateCheck = 1420;
				LastUpgradeCheck = 1420;
				TargetAttributes = {
					F40FB5B229CB9A6700EABFFB = {
						CreatedOnToolsVersion = 14.2;
					};
				};
			};
			buildConfigurationList = F40FB5AE29CB9A6700EABFFB /* Build configuration list for PBXProject "GuardiansOfTheGalaxy" */;
			compatibilityVersion = "Xcode 14.0";
			developmentRegion = en;
			hasScannedForEncodings = 0;
			knownRegions = (
				en,
				Base,
			);
			mainGroup = F40FB5AA29CB9A6700EABFFB;
			productRefGroup = F40FB5B429CB9A6700EABFFB /* Products */;
			projectDirPath = "";
			projectRoot = "";
			targets = (
				F40FB5B229CB9A6700EABFFB /* GuardiansOfTheGalaxy */,
			);
		};
/* End PBXProject section */

/* Begin PBXResourcesBuildPhase section */
		F40FB5B129CB9A6700EABFFB /* Resources */ = {
			isa = PBXResourcesBuildPhase;
			buildActionMask = 2147483647;
			files = (
				F40FB5C329CB9A6800EABFFB /* LaunchScreen.storyboard in Resources */,
				F40FB5C029CB9A6800EABFFB /* Assets.xcassets in Resources */,
				F40FB5BE29CB9A6700EABFFB /* Main.storyboard in Resources */,
			);
			runOnlyForDeploymentPostprocessing = 0;
		};
/* End PBXResourcesBuildPhase section */

/* Begin PBXSourcesBuildPhase section */
		F40FB5AF29CB9A6700EABFFB /* Sources */ = {
			isa = PBXSourcesBuildPhase;
			buildActionMask = 2147483647;
			files = (
				F4FC6DBE29CC631E00C3A15C /* DetailController.swift in Sources */,
				F4FC6DB429CC4A4A00C3A15C /* ListController.swift in Sources */,
				F4FC6DB829CC4AB900C3A15C /* Character.swift in Sources */,
				F4FC6DB629CC4A9800C3A15C /* Datas.swift in Sources */,
				F4BA92FF29D9DF820029924F /* CustomDesc.swift in Sources */,
				F40FB5B729CB9A6700EABFFB /* AppDelegate.swift in Sources */,
				F4BA930129D9E91F0029924F /* BannerImageView.swift in Sources */,
				F40FB5B929CB9A6700EABFFB /* SceneDelegate.swift in Sources */,
				F4BA930329D9EA240029924F /* RoundedImageView.swift in Sources */,
				F4FC6DBA29CC51BB00C3A15C /* CharacterCell.swift in Sources */,
				F4BA92FD29D9DD120029924F /* CustomTitle.swift in Sources */,
			);
			runOnlyForDeploymentPostprocessing = 0;
		};
/* End PBXSourcesBuildPhase section */

/* Begin PBXVariantGroup section */
		F40FB5BC29CB9A6700EABFFB /* Main.storyboard */ = {
			isa = PBXVariantGroup;
			children = (
				F40FB5BD29CB9A6700EABFFB /* Base */,
			);
			name = Main.storyboard;
			sourceTree = "<group>";
		};
		F40FB5C129CB9A6800EABFFB /* LaunchScreen.storyboard */ = {
			isa = PBXVariantGroup;
			children = (
				F40FB5C229CB9A6800EABFFB /* Base */,
			);
			name = LaunchScreen.storyboard;
			sourceTree = "<group>";
		};
/* End PBXVariantGroup section */

/* Begin XCBuildConfiguration section */
		F40FB5C529CB9A6800EABFFB /* Debug */ = {
			isa = XCBuildConfiguration;
			buildSettings = {
				ALWAYS_SEARCH_USER_PATHS = NO;
				CLANG_ANALYZER_NONNULL = YES;
				CLANG_ANALYZER_NUMBER_OBJECT_CONVERSION = YES_AGGRESSIVE;
				CLANG_CXX_LANGUAGE_STANDARD = "gnu++20";
				CLANG_ENABLE_MODULES = YES;
				CLANG_ENABLE_OBJC_ARC = YES;
				CLANG_ENABLE_OBJC_WEAK = YES;
				CLANG_WARN_BLOCK_CAPTURE_AUTORELEASING = YES;
				CLANG_WARN_BOOL_CONVERSION = YES;
				CLANG_WARN_COMMA = YES;
				CLANG_WARN_CONSTANT_CONVERSION = YES;
				CLANG_WARN_DEPRECATED_OBJC_IMPLEMENTATIONS = YES;
				CLANG_WARN_DIRECT_OBJC_ISA_USAGE = YES_ERROR;
				CLANG_WARN_DOCUMENTATION_COMMENTS = YES;
				CLANG_WARN_EMPTY_BODY = YES;
				CLANG_WARN_ENUM_CONVERSION = YES;
				CLANG_WARN_INFINITE_RECURSION = YES;
				CLANG_WARN_INT_CONVERSION = YES;
				CLANG_WARN_NON_LITERAL_NULL_CONVERSION = YES;
				CLANG_WARN_OBJC_IMPLICIT_RETAIN_SELF = YES;
				CLANG_WARN_OBJC_LITERAL_CONVERSION = YES;
				CLANG_WARN_OBJC_ROOT_CLASS = YES_ERROR;
				CLANG_WARN_QUOTED_INCLUDE_IN_FRAMEWORK_HEADER = YES;
				CLANG_WARN_RANGE_LOOP_ANALYSIS = YES;
				CLANG_WARN_STRICT_PROTOTYPES = YES;
				CLANG_WARN_SUSPICIOUS_MOVE = YES;
				CLANG_WARN_UNGUARDED_AVAILABILITY = YES_AGGRESSIVE;
				CLANG_WARN_UNREACHABLE_CODE = YES;
				CLANG_WARN__DUPLICATE_METHOD_MATCH = YES;
				COPY_PHASE_STRIP = NO;
				DEBUG_INFORMATION_FORMAT = dwarf;
				ENABLE_STRICT_OBJC_MSGSEND = YES;
				ENABLE_TESTABILITY = YES;
				GCC_C_LANGUAGE_STANDARD = gnu11;
				GCC_DYNAMIC_NO_PIC = NO;
				GCC_NO_COMMON_BLOCKS = YES;
				GCC_OPTIMIZATION_LEVEL = 0;
				GCC_PREPROCESSOR_DEFINITIONS = (
					"DEBUG=1",
					"$(inherited)",
				);
				GCC_WARN_64_TO_32_BIT_CONVERSION = YES;
				GCC_WARN_ABOUT_RETURN_TYPE = YES_ERROR;
				GCC_WARN_UNDECLARED_SELECTOR = YES;
				GCC_WARN_UNINITIALIZED_AUTOS = YES_AGGRESSIVE;
				GCC_WARN_UNUSED_FUNCTION = YES;
				GCC_WARN_UNUSED_VARIABLE = YES;
				IPHONEOS_DEPLOYMENT_TARGET = 16.2;
				MTL_ENABLE_DEBUG_INFO = INCLUDE_SOURCE;
				MTL_FAST_MATH = YES;
				ONLY_ACTIVE_ARCH = YES;
				SDKROOT = iphoneos;
				SWIFT_ACTIVE_COMPILATION_CONDITIONS = DEBUG;
				SWIFT_OPTIMIZATION_LEVEL = "-Onone";
			};
			name = Debug;
		};
		F40FB5C629CB9A6800EABFFB /* Release */ = {
			isa = XCBuildConfiguration;
			buildSettings = {
				ALWAYS_SEARCH_USER_PATHS = NO;
				CLANG_ANALYZER_NONNULL = YES;
				CLANG_ANALYZER_NUMBER_OBJECT_CONVERSION = YES_AGGRESSIVE;
				CLANG_CXX_LANGUAGE_STANDARD = "gnu++20";
				CLANG_ENABLE_MODULES = YES;
				CLANG_ENABLE_OBJC_ARC = YES;
				CLANG_ENABLE_OBJC_WEAK = YES;
				CLANG_WARN_BLOCK_CAPTURE_AUTORELEASING = YES;
				CLANG_WARN_BOOL_CONVERSION = YES;
				CLANG_WARN_COMMA = YES;
				CLANG_WARN_CONSTANT_CONVERSION = YES;
				CLANG_WARN_DEPRECATED_OBJC_IMPLEMENTATIONS = YES;
				CLANG_WARN_DIRECT_OBJC_ISA_USAGE = YES_ERROR;
				CLANG_WARN_DOCUMENTATION_COMMENTS = YES;
				CLANG_WARN_EMPTY_BODY = YES;
				CLANG_WARN_ENUM_CONVERSION = YES;
				CLANG_WARN_INFINITE_RECURSION = YES;
				CLANG_WARN_INT_CONVERSION = YES;
				CLANG_WARN_NON_LITERAL_NULL_CONVERSION = YES;
				CLANG_WARN_OBJC_IMPLICIT_RETAIN_SELF = YES;
				CLANG_WARN_OBJC_LITERAL_CONVERSION = YES;
				CLANG_WARN_OBJC_ROOT_CLASS = YES_ERROR;
				CLANG_WARN_QUOTED_INCLUDE_IN_FRAMEWORK_HEADER = YES;
				CLANG_WARN_RANGE_LOOP_ANALYSIS = YES;
				CLANG_WARN_STRICT_PROTOTYPES = YES;
				CLANG_WARN_SUSPICIOUS_MOVE = YES;
				CLANG_WARN_UNGUARDED_AVAILABILITY = YES_AGGRESSIVE;
				CLANG_WARN_UNREACHABLE_CODE = YES;
				CLANG_WARN__DUPLICATE_METHOD_MATCH = YES;
				COPY_PHASE_STRIP = NO;
				DEBUG_INFORMATION_FORMAT = "dwarf-with-dsym";
				ENABLE_NS_ASSERTIONS = NO;
				ENABLE_STRICT_OBJC_MSGSEND = YES;
				GCC_C_LANGUAGE_STANDARD = gnu11;
				GCC_NO_COMMON_BLOCKS = YES;
				GCC_WARN_64_TO_32_BIT_CONVERSION = YES;
				GCC_WARN_ABOUT_RETURN_TYPE = YES_ERROR;
				GCC_WARN_UNDECLARED_SELECTOR = YES;
				GCC_WARN_UNINITIALIZED_AUTOS = YES_AGGRESSIVE;
				GCC_WARN_UNUSED_FUNCTION = YES;
				GCC_WARN_UNUSED_VARIABLE = YES;
				IPHONEOS_DEPLOYMENT_TARGET = 16.2;
				MTL_ENABLE_DEBUG_INFO = NO;
				MTL_FAST_MATH = YES;
				SDKROOT = iphoneos;
				SWIFT_COMPILATION_MODE = wholemodule;
				SWIFT_OPTIMIZATION_LEVEL = "-O";
				VALIDATE_PRODUCT = YES;
			};
			name = Release;
		};
		F40FB5C829CB9A6800EABFFB /* Debug */ = {
			isa = XCBuildConfiguration;
			buildSettings = {
				ASSETCATALOG_COMPILER_APPICON_NAME = AppIcon;
				ASSETCATALOG_COMPILER_GLOBAL_ACCENT_COLOR_NAME = AccentColor;
				CODE_SIGN_STYLE = Automatic;
				CURRENT_PROJECT_VERSION = 1;
				DEVELOPMENT_TEAM = 56AB9A2723;
				GENERATE_INFOPLIST_FILE = YES;
				INFOPLIST_FILE = GuardiansOfTheGalaxy/Info.plist;
				INFOPLIST_KEY_UIApplicationSupportsIndirectInputEvents = YES;
				INFOPLIST_KEY_UILaunchStoryboardName = LaunchScreen;
				INFOPLIST_KEY_UIMainStoryboardFile = Main;
				INFOPLIST_KEY_UISupportedInterfaceOrientations_iPad = "UIInterfaceOrientationPortrait UIInterfaceOrientationPortraitUpsideDown UIInterfaceOrientationLandscapeLeft UIInterfaceOrientationLandscapeRight";
				INFOPLIST_KEY_UISupportedInterfaceOrientations_iPhone = "UIInterfaceOrientationPortrait UIInterfaceOrientationLandscapeLeft UIInterfaceOrientationLandscapeRight";
				LD_RUNPATH_SEARCH_PATHS = (
					"$(inherited)",
					"@executable_path/Frameworks",
				);
				MARKETING_VERSION = 1.0;
				PRODUCT_BUNDLE_IDENTIFIER = com.MyXcodeProjects.GuardiansOfTheGalaxy;
				PRODUCT_NAME = "$(TARGET_NAME)";
				SWIFT_EMIT_LOC_STRINGS = YES;
				SWIFT_VERSION = 5.0;
				TARGETED_DEVICE_FAMILY = "1,2";
			};
			name = Debug;
		};
		F40FB5C929CB9A6800EABFFB /* Release */ = {
			isa = XCBuildConfiguration;
			buildSettings = {
				ASSETCATALOG_COMPILER_APPICON_NAME = AppIcon;
				ASSETCATALOG_COMPILER_GLOBAL_ACCENT_COLOR_NAME = AccentColor;
				CODE_SIGN_STYLE = Automatic;
				CURRENT_PROJECT_VERSION = 1;
				DEVELOPMENT_TEAM = 56AB9A2723;
				GENERATE_INFOPLIST_FILE = YES;
				INFOPLIST_FILE = GuardiansOfTheGalaxy/Info.plist;
				INFOPLIST_KEY_UIApplicationSupportsIndirectInputEvents = YES;
				INFOPLIST_KEY_UILaunchStoryboardName = LaunchScreen;
				INFOPLIST_KEY_UIMainStoryboardFile = Main;
				INFOPLIST_KEY_UISupportedInterfaceOrientations_iPad = "UIInterfaceOrientationPortrait UIInterfaceOrientationPortraitUpsideDown UIInterfaceOrientationLandscapeLeft UIInterfaceOrientationLandscapeRight";
				INFOPLIST_KEY_UISupportedInterfaceOrientations_iPhone = "UIInterfaceOrientationPortrait UIInterfaceOrientationLandscapeLeft UIInterfaceOrientationLandscapeRight";
				LD_RUNPATH_SEARCH_PATHS = (
					"$(inherited)",
					"@executable_path/Frameworks",
				);
				MARKETING_VERSION = 1.0;
				PRODUCT_BUNDLE_IDENTIFIER = com.MyXcodeProjects.GuardiansOfTheGalaxy;
				PRODUCT_NAME = "$(TARGET_NAME)";
				SWIFT_EMIT_LOC_STRINGS = YES;
				SWIFT_VERSION = 5.0;
				TARGETED_DEVICE_FAMILY = "1,2";
			};
			name = Release;
		};
/* End XCBuildConfiguration section */

/* Begin XCConfigurationList section */
		F40FB5AE29CB9A6700EABFFB /* Build configuration list for PBXProject "GuardiansOfTheGalaxy" */ = {
			isa = XCConfigurationList;
			buildConfigurations = (
				F40FB5C529CB9A6800EABFFB /* Debug */,
				F40FB5C629CB9A6800EABFFB /* Release */,
			);
			defaultConfigurationIsVisible = 0;
			defaultConfigurationName = Release;
		};
		F40FB5C729CB9A6800EABFFB /* Build configuration list for PBXNativeTarget "GuardiansOfTheGalaxy" */ = {
			isa = XCConfigurationList;
			buildConfigurations = (
				F40FB5C829CB9A6800EABFFB /* Debug */,
				F40FB5C929CB9A6800EABFFB /* Release */,
			);
			defaultConfigurationIsVisible = 0;
			defaultConfigurationName = Release;
		};
/* End XCConfigurationList section */
	};
	rootObject = F40FB5AB29CB9A6700EABFFB /* Project object */;
}
